PODS:
  - R.swift (4.0.0):
    - R.swift.Library (~> 4.0.0)
  - R.swift.Library (4.0.0)
  - ViteUtils (0.1.0):
    - R.swift

DEPENDENCIES:
  - ViteUtils (from `../`)

SPEC REPOS:
  https://github.com/cocoapods/specs.git:
    - R.swift
    - R.swift.Library

EXTERNAL SOURCES:
  ViteUtils:
    :path: "../"

SPEC CHECKSUMS:
  R.swift: d6a5ec2f55a8441dc0ed9f1f8b37d7d11ae85c66
  R.swift.Library: c3af34921024333546e23b70e70d0b4e0cffca75
  ViteUtils: 2a023c084e4a2e522da9ded856a8b4bb08b20c2e

PODFILE CHECKSUM: c04d61bd677c087ddf6bb56fb2c916680a664a6c

COCOAPODS: 1.5.3
